
Microsoft Visual Studio Solution File, Format Version 12.00
# Visual Studio Version 17
VisualStudioVersion = 17.10.35201.131
MinimumVisualStudioVersion = 10.0.40219.1
Project("{FAE04EC0-301F-11D3-BF4B-00C04F79EFBC}") = "SolutionOptimizer", "SolutionOptimizer.csproj", "{A8003EA4-4B6D-49E1-A06C-3D8C307E1858}"
EndProject
Project("{9A19103F-16F7-4668-BE54-9A1E7A4F7556}") = "WouterVanRanst.Utils", "..\..\WouterVanRanst.Utils\src\WouterVanRanst.Utils\WouterVanRanst.Utils.csproj", "{52B0DDA8-2379-4F01-ABC8-2135BDE4D581}"
EndProject
Global
	GlobalSection(SolutionConfigurationPlatforms) = preSolution
		Debug|Any CPU = Debug|Any CPU
		Release|Any CPU = Release|Any CPU
	EndGlobalSection
	GlobalSection(ProjectConfigurationPlatforms) = postSolution
		{A8003EA4-4B6D-49E1-A06C-3D8C307E1858}.Debug|Any CPU.ActiveCfg = Debug|Any CPU
		{A8003EA4-4B6D-49E1-A06C-3D8C307E1858}.Debug|Any CPU.Build.0 = Debug|Any CPU
		{A8003EA4-4B6D-49E1-A06C-3D8C307E1858}.Release|Any CPU.ActiveCfg = Release|Any CPU
		{A8003EA4-4B6D-49E1-A06C-3D8C307E1858}.Release|Any CPU.Build.0 = Release|Any CPU
		{52B0DDA8-2379-4F01-ABC8-2135BDE4D581}.Debug|Any CPU.ActiveCfg = Debug|Any CPU
		{52B0DDA8-2379-4F01-ABC8-2135BDE4D581}.Debug|Any CPU.Build.0 = Debug|Any CPU
		{52B0DDA8-2379-4F01-ABC8-2135BDE4D581}.Release|Any CPU.ActiveCfg = Release|Any CPU
		{52B0DDA8-2379-4F01-ABC8-2135BDE4D581}.Release|Any CPU.Build.0 = Release|Any CPU
	EndGlobalSection
	GlobalSection(SolutionProperties) = preSolution
		HideSolutionNode = FALSE
	EndGlobalSection
	GlobalSection(ExtensibilityGlobals) = postSolution
		SolutionGuid = {7C70F41F-8F48-4E7D-BE70-F81784AEED70}
	EndGlobalSection
EndGlobal
